
Microsoft Visual Studio Solution File, Format Version 12.00
# Visual Studio 15
VisualStudioVersion = 15.0.27428.2037
MinimumVisualStudioVersion = 10.0.40219.1
Project("{FAE04EC0-301F-11D3-BF4B-00C04F79EFBC}") = "HomeBuilder", "HomeBuilder\HomeBuilder.csproj", "{0C737362-D172-4A35-A64A-325627207C11}"
EndProject
Global
	GlobalSection(SolutionConfigurationPlatforms) = preSolution
		Debug|Any CPU = Debug|Any CPU
		Release|Any CPU = Release|Any CPU
	EndGlobalSection
	GlobalSection(ProjectConfigurationPlatforms) = postSolution
		{0C737362-D172-4A35-A64A-325627207C11}.Debug|Any CPU.ActiveCfg = Debug|Any CPU
		{0C737362-D172-4A35-A64A-325627207C11}.Debug|Any CPU.Build.0 = Debug|Any CPU
		{0C737362-D172-4A35-A64A-325627207C11}.Release|Any CPU.ActiveCfg = Release|Any CPU
		{0C737362-D172-4A35-A64A-325627207C11}.Release|Any CPU.Build.0 = Release|Any CPU
	EndGlobalSection
	GlobalSection(SolutionProperties) = preSolution
		HideSolutionNode = FALSE
	EndGlobalSection
	GlobalSection(ExtensibilityGlobals) = postSolution
		SolutionGuid = {6724D4FD-8993-42CE-A9EE-33BE3A04CF87}
	EndGlobalSection
EndGlobal
